
Microsoft Visual Studio Solution File, Format Version 12.00
# Visual Studio Version 17
VisualStudioVersion = 17.4.33122.133
MinimumVisualStudioVersion = 10.0.40219.1
Project("{FAE04EC0-301F-11D3-BF4B-00C04F79EFBC}") = "FileEncryptionApp", "FileEncryptionApp\FileEncryptionApp.csproj", "{1D4A6DC6-771F-4753-B6A7-6643BDB0894E}"
EndProject
Global
	GlobalSection(SolutionConfigurationPlatforms) = preSolution
		Debug|Any CPU = Debug|Any CPU
		Release|Any CPU = Release|Any CPU
	EndGlobalSection
	GlobalSection(ProjectConfigurationPlatforms) = postSolution
		{1D4A6DC6-771F-4753-B6A7-6643BDB0894E}.Debug|Any CPU.ActiveCfg = Debug|Any CPU
		{1D4A6DC6-771F-4753-B6A7-6643BDB0894E}.Debug|Any CPU.Build.0 = Debug|Any CPU
		{1D4A6DC6-771F-4753-B6A7-6643BDB0894E}.Release|Any CPU.ActiveCfg = Release|Any CPU
		{1D4A6DC6-771F-4753-B6A7-6643BDB0894E}.Release|Any CPU.Build.0 = Release|Any CPU
	EndGlobalSection
	GlobalSection(SolutionProperties) = preSolution
		HideSolutionNode = FALSE
	EndGlobalSection
	GlobalSection(ExtensibilityGlobals) = postSolution
		SolutionGuid = {B013CD94-B13C-4019-9E7C-DD515441BDD9}
	EndGlobalSection
EndGlobal
